
Microsoft Visual Studio Solution File, Format Version 12.00
# Visual Studio Version 17
VisualStudioVersion = 17.10.35004.147
MinimumVisualStudioVersion = 10.0.40219.1
Project("{9A19103F-16F7-4668-BE54-9A1E7A4F7556}") = "CQRSExample", "CQRSExample\CQRSExample.csproj", "{2E9EFC28-3CC1-420F-AF3A-69F2DD324A60}"
EndProject
Project("{9A19103F-16F7-4668-BE54-9A1E7A4F7556}") = "Service", "Service\Service.csproj", "{3B9AF724-ACC5-4B9E-891D-C33A4E5BDBE1}"
EndProject
Project("{9A19103F-16F7-4668-BE54-9A1E7A4F7556}") = "Infrastructure", "Infrastructure\Infrastructure.csproj", "{39938645-68AF-4858-8BE0-93ECD97E8469}"
EndProject
Project("{9A19103F-16F7-4668-BE54-9A1E7A4F7556}") = "Entities", "Entities\Entities.csproj", "{C0F28A4E-FA22-4F36-8C22-5D9F3410C73F}"
EndProject
Project("{FAE04EC0-301F-11D3-BF4B-00C04F79EFBC}") = "Test", "Test\Test.csproj", "{16A463BE-D24A-4D17-BFED-356F882D4F57}"
EndProject
Global
	GlobalSection(SolutionConfigurationPlatforms) = preSolution
		Debug|Any CPU = Debug|Any CPU
		Release|Any CPU = Release|Any CPU
	EndGlobalSection
	GlobalSection(ProjectConfigurationPlatforms) = postSolution
		{2E9EFC28-3CC1-420F-AF3A-69F2DD324A60}.Debug|Any CPU.ActiveCfg = Debug|Any CPU
		{2E9EFC28-3CC1-420F-AF3A-69F2DD324A60}.Debug|Any CPU.Build.0 = Debug|Any CPU
		{2E9EFC28-3CC1-420F-AF3A-69F2DD324A60}.Release|Any CPU.ActiveCfg = Release|Any CPU
		{2E9EFC28-3CC1-420F-AF3A-69F2DD324A60}.Release|Any CPU.Build.0 = Release|Any CPU
		{3B9AF724-ACC5-4B9E-891D-C33A4E5BDBE1}.Debug|Any CPU.ActiveCfg = Debug|Any CPU
		{3B9AF724-ACC5-4B9E-891D-C33A4E5BDBE1}.Debug|Any CPU.Build.0 = Debug|Any CPU
		{3B9AF724-ACC5-4B9E-891D-C33A4E5BDBE1}.Release|Any CPU.ActiveCfg = Release|Any CPU
		{3B9AF724-ACC5-4B9E-891D-C33A4E5BDBE1}.Release|Any CPU.Build.0 = Release|Any CPU
		{39938645-68AF-4858-8BE0-93ECD97E8469}.Debug|Any CPU.ActiveCfg = Debug|Any CPU
		{39938645-68AF-4858-8BE0-93ECD97E8469}.Debug|Any CPU.Build.0 = Debug|Any CPU
		{39938645-68AF-4858-8BE0-93ECD97E8469}.Release|Any CPU.ActiveCfg = Release|Any CPU
		{39938645-68AF-4858-8BE0-93ECD97E8469}.Release|Any CPU.Build.0 = Release|Any CPU
		{C0F28A4E-FA22-4F36-8C22-5D9F3410C73F}.Debug|Any CPU.ActiveCfg = Debug|Any CPU
		{C0F28A4E-FA22-4F36-8C22-5D9F3410C73F}.Debug|Any CPU.Build.0 = Debug|Any CPU
		{C0F28A4E-FA22-4F36-8C22-5D9F3410C73F}.Release|Any CPU.ActiveCfg = Release|Any CPU
		{C0F28A4E-FA22-4F36-8C22-5D9F3410C73F}.Release|Any CPU.Build.0 = Release|Any CPU
		{16A463BE-D24A-4D17-BFED-356F882D4F57}.Debug|Any CPU.ActiveCfg = Debug|Any CPU
		{16A463BE-D24A-4D17-BFED-356F882D4F57}.Debug|Any CPU.Build.0 = Debug|Any CPU
		{16A463BE-D24A-4D17-BFED-356F882D4F57}.Release|Any CPU.ActiveCfg = Release|Any CPU
		{16A463BE-D24A-4D17-BFED-356F882D4F57}.Release|Any CPU.Build.0 = Release|Any CPU
	EndGlobalSection
	GlobalSection(SolutionProperties) = preSolution
		HideSolutionNode = FALSE
	EndGlobalSection
	GlobalSection(ExtensibilityGlobals) = postSolution
		SolutionGuid = {7EBAE25A-0F0B-4643-8943-EA3137E414D1}
	EndGlobalSection
EndGlobal
